
Microsoft Visual Studio Solution File, Format Version 12.00
# Visual Studio Version 17
VisualStudioVersion = 17.1.32210.238
MinimumVisualStudioVersion = 10.0.40219.1
Project("{9A19103F-16F7-4668-BE54-9A1E7A4F7556}") = "PokemonParty", "PokemonParty\PokemonParty.csproj", "{76B79D53-46D4-4AE1-AB20-7EDB0AE24D2C}"
EndProject
Project("{9A19103F-16F7-4668-BE54-9A1E7A4F7556}") = "PokeAPI", "PokemonPartyAPI\PokeAPI.csproj", "{775D3A3E-C101-46C8-902D-DAAF6E6E3A2F}"
EndProject
Global
	GlobalSection(SolutionConfigurationPlatforms) = preSolution
		Debug|Any CPU = Debug|Any CPU
		Release|Any CPU = Release|Any CPU
	EndGlobalSection
	GlobalSection(ProjectConfigurationPlatforms) = postSolution
		{76B79D53-46D4-4AE1-AB20-7EDB0AE24D2C}.Debug|Any CPU.ActiveCfg = Debug|Any CPU
		{76B79D53-46D4-4AE1-AB20-7EDB0AE24D2C}.Debug|Any CPU.Build.0 = Debug|Any CPU
		{76B79D53-46D4-4AE1-AB20-7EDB0AE24D2C}.Release|Any CPU.ActiveCfg = Release|Any CPU
		{76B79D53-46D4-4AE1-AB20-7EDB0AE24D2C}.Release|Any CPU.Build.0 = Release|Any CPU
		{775D3A3E-C101-46C8-902D-DAAF6E6E3A2F}.Debug|Any CPU.ActiveCfg = Debug|Any CPU
		{775D3A3E-C101-46C8-902D-DAAF6E6E3A2F}.Debug|Any CPU.Build.0 = Debug|Any CPU
		{775D3A3E-C101-46C8-902D-DAAF6E6E3A2F}.Release|Any CPU.ActiveCfg = Release|Any CPU
		{775D3A3E-C101-46C8-902D-DAAF6E6E3A2F}.Release|Any CPU.Build.0 = Release|Any CPU
	EndGlobalSection
	GlobalSection(SolutionProperties) = preSolution
		HideSolutionNode = FALSE
	EndGlobalSection
	GlobalSection(ExtensibilityGlobals) = postSolution
		SolutionGuid = {2D64960A-FBC4-4C4E-B440-D15811220D01}
	EndGlobalSection
EndGlobal
